
Microsoft Visual Studio Solution File, Format Version 12.00
# Visual Studio Version 17
VisualStudioVersion = 17.9.34714.143
MinimumVisualStudioVersion = 10.0.40219.1
Project("{FAE04EC0-301F-11D3-BF4B-00C04F79EFBC}") = "server", "server\server.csproj", "{9F4BC433-BDE8-441A-861A-2B363C2F8016}"
EndProject
Global
	GlobalSection(SolutionConfigurationPlatforms) = preSolution
		Debug|Any CPU = Debug|Any CPU
		Release|Any CPU = Release|Any CPU
	EndGlobalSection
	GlobalSection(ProjectConfigurationPlatforms) = postSolution
		{9F4BC433-BDE8-441A-861A-2B363C2F8016}.Debug|Any CPU.ActiveCfg = Debug|Any CPU
		{9F4BC433-BDE8-441A-861A-2B363C2F8016}.Debug|Any CPU.Build.0 = Debug|Any CPU
		{9F4BC433-BDE8-441A-861A-2B363C2F8016}.Release|Any CPU.ActiveCfg = Release|Any CPU
		{9F4BC433-BDE8-441A-861A-2B363C2F8016}.Release|Any CPU.Build.0 = Release|Any CPU
	EndGlobalSection
	GlobalSection(SolutionProperties) = preSolution
		HideSolutionNode = FALSE
	EndGlobalSection
	GlobalSection(ExtensibilityGlobals) = postSolution
		SolutionGuid = {6B7EAF1B-308E-42E4-8674-E967170E25E2}
	EndGlobalSection
EndGlobal
